
Microsoft Visual Studio Solution File, Format Version 12.00
# Visual Studio Version 17
VisualStudioVersion = 17.5.33516.290
MinimumVisualStudioVersion = 10.0.40219.1
Project("{9A19103F-16F7-4668-BE54-9A1E7A4F7556}") = "MiddleEarth.Builder.WebAssembly", "src\MiddleEarth.Builder.WebAssembly\MiddleEarth.Builder.WebAssembly.csproj", "{79E906D6-6039-4E0A-B111-DE2B69F49BF0}"
EndProject
Project("{9A19103F-16F7-4668-BE54-9A1E7A4F7556}") = "MiddleEarth.Builder.Application", "src\MiddleEarth.Builder.Application\MiddleEarth.Builder.Application.csproj", "{62D4EB69-6F82-4BDA-8E90-8F64846FAAE7}"
EndProject
Project("{2150E333-8FDC-42A3-9474-1A3956D46DE8}") = "tests", "tests", "{8F57AF0C-E82F-498A-ADC2-34C49C39AE77}"
EndProject
Project("{FAE04EC0-301F-11D3-BF4B-00C04F79EFBC}") = "MiddleEarth.Builder.UnitTests", "MiddleEarth.Builder.UnitTests\MiddleEarth.Builder.UnitTests.csproj", "{CE59CCC0-50EA-44F7-A95F-41F43DC71676}"
EndProject
Global
	GlobalSection(SolutionConfigurationPlatforms) = preSolution
		Debug|Any CPU = Debug|Any CPU
		Release|Any CPU = Release|Any CPU
	EndGlobalSection
	GlobalSection(ProjectConfigurationPlatforms) = postSolution
		{79E906D6-6039-4E0A-B111-DE2B69F49BF0}.Debug|Any CPU.ActiveCfg = Debug|Any CPU
		{79E906D6-6039-4E0A-B111-DE2B69F49BF0}.Debug|Any CPU.Build.0 = Debug|Any CPU
		{79E906D6-6039-4E0A-B111-DE2B69F49BF0}.Release|Any CPU.ActiveCfg = Release|Any CPU
		{79E906D6-6039-4E0A-B111-DE2B69F49BF0}.Release|Any CPU.Build.0 = Release|Any CPU
		{62D4EB69-6F82-4BDA-8E90-8F64846FAAE7}.Debug|Any CPU.ActiveCfg = Debug|Any CPU
		{62D4EB69-6F82-4BDA-8E90-8F64846FAAE7}.Debug|Any CPU.Build.0 = Debug|Any CPU
		{62D4EB69-6F82-4BDA-8E90-8F64846FAAE7}.Release|Any CPU.ActiveCfg = Release|Any CPU
		{62D4EB69-6F82-4BDA-8E90-8F64846FAAE7}.Release|Any CPU.Build.0 = Release|Any CPU
		{CE59CCC0-50EA-44F7-A95F-41F43DC71676}.Debug|Any CPU.ActiveCfg = Debug|Any CPU
		{CE59CCC0-50EA-44F7-A95F-41F43DC71676}.Debug|Any CPU.Build.0 = Debug|Any CPU
		{CE59CCC0-50EA-44F7-A95F-41F43DC71676}.Release|Any CPU.ActiveCfg = Release|Any CPU
		{CE59CCC0-50EA-44F7-A95F-41F43DC71676}.Release|Any CPU.Build.0 = Release|Any CPU
	EndGlobalSection
	GlobalSection(SolutionProperties) = preSolution
		HideSolutionNode = FALSE
	EndGlobalSection
	GlobalSection(NestedProjects) = preSolution
		{CE59CCC0-50EA-44F7-A95F-41F43DC71676} = {8F57AF0C-E82F-498A-ADC2-34C49C39AE77}
	EndGlobalSection
	GlobalSection(ExtensibilityGlobals) = postSolution
		SolutionGuid = {4C66C9BE-9B33-4131-975F-F38910C1DC71}
	EndGlobalSection
EndGlobal
